
Microsoft Visual Studio Solution File, Format Version 12.00
# Visual Studio Version 17
VisualStudioVersion = 17.4.33205.214
MinimumVisualStudioVersion = 10.0.40219.1
Project("{FAE04EC0-301F-11D3-BF4B-00C04F79EFBC}") = "Prog Projekat", "Prog Projekat\Prog Projekat.csproj", "{DFAC920C-DDC6-44E8-81C2-6DF1FBBB074D}"
EndProject
Global
	GlobalSection(SolutionConfigurationPlatforms) = preSolution
		Debug|Any CPU = Debug|Any CPU
		Release|Any CPU = Release|Any CPU
	EndGlobalSection
	GlobalSection(ProjectConfigurationPlatforms) = postSolution
		{DFAC920C-DDC6-44E8-81C2-6DF1FBBB074D}.Debug|Any CPU.ActiveCfg = Debug|Any CPU
		{DFAC920C-DDC6-44E8-81C2-6DF1FBBB074D}.Debug|Any CPU.Build.0 = Debug|Any CPU
		{DFAC920C-DDC6-44E8-81C2-6DF1FBBB074D}.Release|Any CPU.ActiveCfg = Release|Any CPU
		{DFAC920C-DDC6-44E8-81C2-6DF1FBBB074D}.Release|Any CPU.Build.0 = Release|Any CPU
	EndGlobalSection
	GlobalSection(SolutionProperties) = preSolution
		HideSolutionNode = FALSE
	EndGlobalSection
	GlobalSection(ExtensibilityGlobals) = postSolution
		SolutionGuid = {622F8D30-E9BC-477B-A853-FCB4B03214C6}
	EndGlobalSection
EndGlobal
